// !$*UTF8*$!
{
	archiveVersion = 1;
	classes = {
	};
	objectVersion = 52;
	objects = {

/* Begin PBXBuildFile section */
		1DE8F7F92602478000079E0C /* Push_itTests.swift in Sources */ = {isa = PBXBuildFile; fileRef = 1DE8F7F82602478000079E0C /* Push_itTests.swift */; };
		1DE8F8042602478000079E0C /* Push_itUITests.swift in Sources */ = {isa = PBXBuildFile; fileRef = 1DE8F8032602478000079E0C /* Push_itUITests.swift */; };
		CC118DC82640715F00E17559 /* RxSwift in Frameworks */ = {isa = PBXBuildFile; productRef = CC118DC72640715F00E17559 /* RxSwift */; };
		CC118DCA2640715F00E17559 /* RxCocoa in Frameworks */ = {isa = PBXBuildFile; productRef = CC118DC92640715F00E17559 /* RxCocoa */; };
		CC118DCC2640715F00E17559 /* RxRelay in Frameworks */ = {isa = PBXBuildFile; productRef = CC118DCB2640715F00E17559 /* RxRelay */; };
		CC25FEBC266F8BF70069A2E4 /* Bear.jpg in Resources */ = {isa = PBXBuildFile; fileRef = CC25FEBB266F8BF70069A2E4 /* Bear.jpg */; };
		CC25FEC2266F8D520069A2E4 /* giphy.gif in Resources */ = {isa = PBXBuildFile; fileRef = CC25FEC1266F8D520069A2E4 /* giphy.gif */; };
		CC25FEF3267148620069A2E4 /* PushItNetworkLayer.swift in Sources */ = {isa = PBXBuildFile; fileRef = CC25FEE4267148620069A2E4 /* PushItNetworkLayer.swift */; };
		CC25FEF4267148620069A2E4 /* PushItNetworkRoute.swift in Sources */ = {isa = PBXBuildFile; fileRef = CC25FEE5267148620069A2E4 /* PushItNetworkRoute.swift */; };
		CC25FEF5267148620069A2E4 /* NetworkNews.swift in Sources */ = {isa = PBXBuildFile; fileRef = CC25FEE7267148620069A2E4 /* NetworkNews.swift */; };
		CC25FEF6267148620069A2E4 /* NetworkArticle.swift in Sources */ = {isa = PBXBuildFile; fileRef = CC25FEE8267148620069A2E4 /* NetworkArticle.swift */; };
		CC25FEF7267148620069A2E4 /* PushItNetworkEnvironment.swift in Sources */ = {isa = PBXBuildFile; fileRef = CC25FEE9267148620069A2E4 /* PushItNetworkEnvironment.swift */; };
		CC25FEF8267148620069A2E4 /* NetworkEnvironment.swift in Sources */ = {isa = PBXBuildFile; fileRef = CC25FEEB267148620069A2E4 /* NetworkEnvironment.swift */; };
		CC25FEF9267148620069A2E4 /* NetworkRoute.swift in Sources */ = {isa = PBXBuildFile; fileRef = CC25FEEC267148620069A2E4 /* NetworkRoute.swift */; };
		CC25FEFA267148620069A2E4 /* NetworkResponse.swift in Sources */ = {isa = PBXBuildFile; fileRef = CC25FEED267148620069A2E4 /* NetworkResponse.swift */; };
		CC25FEFB267148620069A2E4 /* Networking.swift in Sources */ = {isa = PBXBuildFile; fileRef = CC25FEEE267148620069A2E4 /* Networking.swift */; };
		CC25FEFC267148620069A2E4 /* NetworkValidation.swift in Sources */ = {isa = PBXBuildFile; fileRef = CC25FEEF267148620069A2E4 /* NetworkValidation.swift */; };
		CC25FEFD267148620069A2E4 /* NetworkTask.swift in Sources */ = {isa = PBXBuildFile; fileRef = CC25FEF0267148620069A2E4 /* NetworkTask.swift */; };
		CC25FEFE267148620069A2E4 /* NetworkProvider.swift in Sources */ = {isa = PBXBuildFile; fileRef = CC25FEF1267148620069A2E4 /* NetworkProvider.swift */; };
		CC25FEFF267148620069A2E4 /* NetworkError.swift in Sources */ = {isa = PBXBuildFile; fileRef = CC25FEF2267148620069A2E4 /* NetworkError.swift */; };
		CC459768261CE139001DD009 /* NotificationService.swift in Sources */ = {isa = PBXBuildFile; fileRef = CC459767261CE139001DD009 /* NotificationService.swift */; };
		CC45976C261CE139001DD009 /* NotificationServiceExtension.appex in Embed App Extensions */ = {isa = PBXBuildFile; fileRef = CC459765261CE139001DD009 /* NotificationServiceExtension.appex */; settings = {ATTRIBUTES = (RemoveHeadersOnCopy, ); }; };
		CC5CC5EE26AD541800D104E3 /* Article.swift in Sources */ = {isa = PBXBuildFile; fileRef = CC5CC5ED26AD541800D104E3 /* Article.swift */; };
		CC68F9DC2683692200B97EB9 /* AppController.swift in Sources */ = {isa = PBXBuildFile; fileRef = CC8A9637265D7A7B003DAF6D /* AppController.swift */; };
		CC71C63F26987C2F008F6D7E /* PushItTabBarController.swift in Sources */ = {isa = PBXBuildFile; fileRef = CC71C62E26987C2F008F6D7E /* PushItTabBarController.swift */; };
		CC71C64026987C2F008F6D7E /* NewsDetailViewController.swift in Sources */ = {isa = PBXBuildFile; fileRef = CC71C63026987C2F008F6D7E /* NewsDetailViewController.swift */; };
		CC71C64126987C2F008F6D7E /* NewsDetailViewController.storyboard in Resources */ = {isa = PBXBuildFile; fileRef = CC71C63126987C2F008F6D7E /* NewsDetailViewController.storyboard */; };
		CC71C64326987C2F008F6D7E /* NewsInteractor.swift in Sources */ = {isa = PBXBuildFile; fileRef = CC71C63426987C2F008F6D7E /* NewsInteractor.swift */; };
		CC71C64426987C2F008F6D7E /* NewsRouter.swift in Sources */ = {isa = PBXBuildFile; fileRef = CC71C63526987C2F008F6D7E /* NewsRouter.swift */; };
		CC71C64526987C2F008F6D7E /* NewsViewController.storyboard in Resources */ = {isa = PBXBuildFile; fileRef = CC71C63626987C2F008F6D7E /* NewsViewController.storyboard */; };
		CC71C64626987C2F008F6D7E /* NewsPresenter.swift in Sources */ = {isa = PBXBuildFile; fileRef = CC71C63726987C2F008F6D7E /* NewsPresenter.swift */; };
		CC71C64726987C2F008F6D7E /* NewsViewController.swift in Sources */ = {isa = PBXBuildFile; fileRef = CC71C63826987C2F008F6D7E /* NewsViewController.swift */; };
		CC71C64826987C2F008F6D7E /* NewsCollectionViewCell.swift in Sources */ = {isa = PBXBuildFile; fileRef = CC71C63A26987C2F008F6D7E /* NewsCollectionViewCell.swift */; };
		CC71C64926987C2F008F6D7E /* NewsCollectionViewCell.xib in Resources */ = {isa = PBXBuildFile; fileRef = CC71C63B26987C2F008F6D7E /* NewsCollectionViewCell.xib */; };
		CC71C64A26987C2F008F6D7E /* LocationNotificationsViewController.storyboard in Resources */ = {isa = PBXBuildFile; fileRef = CC71C63D26987C2F008F6D7E /* LocationNotificationsViewController.storyboard */; };
		CC71C64B26987C2F008F6D7E /* LocalNotificationsViewController.swift in Sources */ = {isa = PBXBuildFile; fileRef = CC71C63E26987C2F008F6D7E /* LocalNotificationsViewController.swift */; };
		CC71C64D26987D1C008F6D7E /* NewsDetailPresenter.swift in Sources */ = {isa = PBXBuildFile; fileRef = CC71C64C26987D1C008F6D7E /* NewsDetailPresenter.swift */; };
		CC74B0662618672E00C7AF56 /* AppDelegate.swift in Sources */ = {isa = PBXBuildFile; fileRef = CC74B05A2618672E00C7AF56 /* AppDelegate.swift */; };
		CC74B0692618672E00C7AF56 /* Assets.xcassets in Resources */ = {isa = PBXBuildFile; fileRef = CC74B05E2618672E00C7AF56 /* Assets.xcassets */; };
		CC74B06A2618672E00C7AF56 /* LaunchScreen.storyboard in Resources */ = {isa = PBXBuildFile; fileRef = CC74B05F2618672E00C7AF56 /* LaunchScreen.storyboard */; };
		CC74B0882618693200C7AF56 /* Configuration.swift in Sources */ = {isa = PBXBuildFile; fileRef = CC74B0872618693200C7AF56 /* Configuration.swift */; };
		CCB0B96026762BE600FB8923 /* GoogleService-Info.plist in Resources */ = {isa = PBXBuildFile; fileRef = CCB0B95F26762BE600FB8923 /* GoogleService-Info.plist */; };
		CCC0034A26679BB2003983C6 /* DateFormatter.swift in Sources */ = {isa = PBXBuildFile; fileRef = CCC0034926679BB2003983C6 /* DateFormatter.swift */; };
		CCC0035026679E29003983C6 /* Date.swift in Sources */ = {isa = PBXBuildFile; fileRef = CCC0034F26679E29003983C6 /* Date.swift */; };
		CCC4761026737AD2009F9013 /* OSLog.swift in Sources */ = {isa = PBXBuildFile; fileRef = CCC4760F26737AD2009F9013 /* OSLog.swift */; };
		CCD6901B2620825900BBE472 /* ImageDownloader.swift in Sources */ = {isa = PBXBuildFile; fileRef = CCD6901A2620825900BBE472 /* ImageDownloader.swift */; };
		CCD690242620825E00BBE472 /* ImageDownloader.swift in Sources */ = {isa = PBXBuildFile; fileRef = CCD6901A2620825900BBE472 /* ImageDownloader.swift */; };
/* End PBXBuildFile section */

/* Begin PBXContainerItemProxy section */
		1DE8F7F52602478000079E0C /* PBXContainerItemProxy */ = {
			isa = PBXContainerItemProxy;
			containerPortal = 1DE8F7D62602477F00079E0C /* Project object */;
			proxyType = 1;
			remoteGlobalIDString = 1DE8F7DD2602477F00079E0C;
			remoteInfo = "Push it";
		};
		1DE8F8002602478000079E0C /* PBXContainerItemProxy */ = {
			isa = PBXContainerItemProxy;
			containerPortal = 1DE8F7D62602477F00079E0C /* Project object */;
			proxyType = 1;
			remoteGlobalIDString = 1DE8F7DD2602477F00079E0C;
			remoteInfo = "Push it";
		};
		CC45976A261CE139001DD009 /* PBXContainerItemProxy */ = {
			isa = PBXContainerItemProxy;
			containerPortal = 1DE8F7D62602477F00079E0C /* Project object */;
			proxyType = 1;
			remoteGlobalIDString = CC459764261CE139001DD009;
			remoteInfo = NotificationServiceExtension;
		};
/* End PBXContainerItemProxy section */

/* Begin PBXCopyFilesBuildPhase section */
		CC459770261CE139001DD009 /* Embed App Extensions */ = {
			isa = PBXCopyFilesBuildPhase;
			buildActionMask = 2147483647;
			dstPath = "";
			dstSubfolderSpec = 13;
			files = (
				CC45976C261CE139001DD009 /* NotificationServiceExtension.appex in Embed App Extensions */,
			);
			name = "Embed App Extensions";
			runOnlyForDeploymentPostprocessing = 0;
		};
/* End PBXCopyFilesBuildPhase section */

/* Begin PBXFileReference section */
		1DE8F7DE2602477F00079E0C /* Push it.app */ = {isa = PBXFileReference; explicitFileType = wrapper.application; includeInIndex = 0; path = "Push it.app"; sourceTree = BUILT_PRODUCTS_DIR; };
		1DE8F7F42602478000079E0C /* Push itTests.xctest */ = {isa = PBXFileReference; explicitFileType = wrapper.cfbundle; includeInIndex = 0; path = "Push itTests.xctest"; sourceTree = BUILT_PRODUCTS_DIR; };
		1DE8F7F82602478000079E0C /* Push_itTests.swift */ = {isa = PBXFileReference; lastKnownFileType = sourcecode.swift; path = Push_itTests.swift; sourceTree = "<group>"; };
		1DE8F7FA2602478000079E0C /* Info.plist */ = {isa = PBXFileReference; lastKnownFileType = text.plist.xml; path = Info.plist; sourceTree = "<group>"; };
		1DE8F7FF2602478000079E0C /* Push itUITests.xctest */ = {isa = PBXFileReference; explicitFileType = wrapper.cfbundle; includeInIndex = 0; path = "Push itUITests.xctest"; sourceTree = BUILT_PRODUCTS_DIR; };
		1DE8F8032602478000079E0C /* Push_itUITests.swift */ = {isa = PBXFileReference; lastKnownFileType = sourcecode.swift; path = Push_itUITests.swift; sourceTree = "<group>"; };
		1DE8F8052602478000079E0C /* Info.plist */ = {isa = PBXFileReference; lastKnownFileType = text.plist.xml; path = Info.plist; sourceTree = "<group>"; };
		CC25FEBB266F8BF70069A2E4 /* Bear.jpg */ = {isa = PBXFileReference; lastKnownFileType = image.jpeg; path = Bear.jpg; sourceTree = "<group>"; };
		CC25FEC1266F8D520069A2E4 /* giphy.gif */ = {isa = PBXFileReference; lastKnownFileType = image.gif; path = giphy.gif; sourceTree = "<group>"; };
		CC25FEE4267148620069A2E4 /* PushItNetworkLayer.swift */ = {isa = PBXFileReference; fileEncoding = 4; lastKnownFileType = sourcecode.swift; path = PushItNetworkLayer.swift; sourceTree = "<group>"; };
		CC25FEE5267148620069A2E4 /* PushItNetworkRoute.swift */ = {isa = PBXFileReference; fileEncoding = 4; lastKnownFileType = sourcecode.swift; path = PushItNetworkRoute.swift; sourceTree = "<group>"; };
		CC25FEE7267148620069A2E4 /* NetworkNews.swift */ = {isa = PBXFileReference; fileEncoding = 4; lastKnownFileType = sourcecode.swift; path = NetworkNews.swift; sourceTree = "<group>"; };
		CC25FEE8267148620069A2E4 /* NetworkArticle.swift */ = {isa = PBXFileReference; fileEncoding = 4; lastKnownFileType = sourcecode.swift; path = NetworkArticle.swift; sourceTree = "<group>"; };
		CC25FEE9267148620069A2E4 /* PushItNetworkEnvironment.swift */ = {isa = PBXFileReference; fileEncoding = 4; lastKnownFileType = sourcecode.swift; path = PushItNetworkEnvironment.swift; sourceTree = "<group>"; };
		CC25FEEB267148620069A2E4 /* NetworkEnvironment.swift */ = {isa = PBXFileReference; fileEncoding = 4; lastKnownFileType = sourcecode.swift; path = NetworkEnvironment.swift; sourceTree = "<group>"; };
		CC25FEEC267148620069A2E4 /* NetworkRoute.swift */ = {isa = PBXFileReference; fileEncoding = 4; lastKnownFileType = sourcecode.swift; path = NetworkRoute.swift; sourceTree = "<group>"; };
		CC25FEED267148620069A2E4 /* NetworkResponse.swift */ = {isa = PBXFileReference; fileEncoding = 4; lastKnownFileType = sourcecode.swift; path = NetworkResponse.swift; sourceTree = "<group>"; };
		CC25FEEE267148620069A2E4 /* Networking.swift */ = {isa = PBXFileReference; fileEncoding = 4; lastKnownFileType = sourcecode.swift; path = Networking.swift; sourceTree = "<group>"; };
		CC25FEEF267148620069A2E4 /* NetworkValidation.swift */ = {isa = PBXFileReference; fileEncoding = 4; lastKnownFileType = sourcecode.swift; path = NetworkValidation.swift; sourceTree = "<group>"; };
		CC25FEF0267148620069A2E4 /* NetworkTask.swift */ = {isa = PBXFileReference; fileEncoding = 4; lastKnownFileType = sourcecode.swift; path = NetworkTask.swift; sourceTree = "<group>"; };
		CC25FEF1267148620069A2E4 /* NetworkProvider.swift */ = {isa = PBXFileReference; fileEncoding = 4; lastKnownFileType = sourcecode.swift; path = NetworkProvider.swift; sourceTree = "<group>"; };
		CC25FEF2267148620069A2E4 /* NetworkError.swift */ = {isa = PBXFileReference; fileEncoding = 4; lastKnownFileType = sourcecode.swift; path = NetworkError.swift; sourceTree = "<group>"; };
		CC459765261CE139001DD009 /* NotificationServiceExtension.appex */ = {isa = PBXFileReference; explicitFileType = "wrapper.app-extension"; includeInIndex = 0; path = NotificationServiceExtension.appex; sourceTree = BUILT_PRODUCTS_DIR; };
		CC459767261CE139001DD009 /* NotificationService.swift */ = {isa = PBXFileReference; lastKnownFileType = sourcecode.swift; path = NotificationService.swift; sourceTree = "<group>"; };
		CC459769261CE139001DD009 /* Info.plist */ = {isa = PBXFileReference; lastKnownFileType = text.plist.xml; path = Info.plist; sourceTree = "<group>"; };
		CC5CC5ED26AD541800D104E3 /* Article.swift */ = {isa = PBXFileReference; fileEncoding = 4; lastKnownFileType = sourcecode.swift; path = Article.swift; sourceTree = "<group>"; };
		CC71C62E26987C2F008F6D7E /* PushItTabBarController.swift */ = {isa = PBXFileReference; fileEncoding = 4; lastKnownFileType = sourcecode.swift; path = PushItTabBarController.swift; sourceTree = "<group>"; };
		CC71C63026987C2F008F6D7E /* NewsDetailViewController.swift */ = {isa = PBXFileReference; fileEncoding = 4; lastKnownFileType = sourcecode.swift; path = NewsDetailViewController.swift; sourceTree = "<group>"; };
		CC71C63126987C2F008F6D7E /* NewsDetailViewController.storyboard */ = {isa = PBXFileReference; fileEncoding = 4; lastKnownFileType = file.storyboard; path = NewsDetailViewController.storyboard; sourceTree = "<group>"; };
		CC71C63426987C2F008F6D7E /* NewsInteractor.swift */ = {isa = PBXFileReference; fileEncoding = 4; lastKnownFileType = sourcecode.swift; path = NewsInteractor.swift; sourceTree = "<group>"; };
		CC71C63526987C2F008F6D7E /* NewsRouter.swift */ = {isa = PBXFileReference; fileEncoding = 4; lastKnownFileType = sourcecode.swift; path = NewsRouter.swift; sourceTree = "<group>"; };
		CC71C63626987C2F008F6D7E /* NewsViewController.storyboard */ = {isa = PBXFileReference; fileEncoding = 4; lastKnownFileType = file.storyboard; path = NewsViewController.storyboard; sourceTree = "<group>"; };
		CC71C63726987C2F008F6D7E /* NewsPresenter.swift */ = {isa = PBXFileReference; fileEncoding = 4; lastKnownFileType = sourcecode.swift; path = NewsPresenter.swift; sourceTree = "<group>"; };
		CC71C63826987C2F008F6D7E /* NewsViewController.swift */ = {isa = PBXFileReference; fileEncoding = 4; lastKnownFileType = sourcecode.swift; path = NewsViewController.swift; sourceTree = "<group>"; };
		CC71C63A26987C2F008F6D7E /* NewsCollectionViewCell.swift */ = {isa = PBXFileReference; fileEncoding = 4; lastKnownFileType = sourcecode.swift; path = NewsCollectionViewCell.swift; sourceTree = "<group>"; };
		CC71C63B26987C2F008F6D7E /* NewsCollectionViewCell.xib */ = {isa = PBXFileReference; fileEncoding = 4; lastKnownFileType = file.xib; path = NewsCollectionViewCell.xib; sourceTree = "<group>"; };
		CC71C63D26987C2F008F6D7E /* LocationNotificationsViewController.storyboard */ = {isa = PBXFileReference; fileEncoding = 4; lastKnownFileType = file.storyboard; path = LocationNotificationsViewController.storyboard; sourceTree = "<group>"; };
		CC71C63E26987C2F008F6D7E /* LocalNotificationsViewController.swift */ = {isa = PBXFileReference; fileEncoding = 4; lastKnownFileType = sourcecode.swift; path = LocalNotificationsViewController.swift; sourceTree = "<group>"; };
		CC71C64C26987D1C008F6D7E /* NewsDetailPresenter.swift */ = {isa = PBXFileReference; lastKnownFileType = sourcecode.swift; path = NewsDetailPresenter.swift; sourceTree = "<group>"; };
		CC74B05A2618672E00C7AF56 /* AppDelegate.swift */ = {isa = PBXFileReference; fileEncoding = 4; lastKnownFileType = sourcecode.swift; path = AppDelegate.swift; sourceTree = "<group>"; };
		CC74B05B2618672E00C7AF56 /* Info.plist */ = {isa = PBXFileReference; fileEncoding = 4; lastKnownFileType = text.plist.xml; path = Info.plist; sourceTree = "<group>"; };
		CC74B05E2618672E00C7AF56 /* Assets.xcassets */ = {isa = PBXFileReference; lastKnownFileType = folder.assetcatalog; path = Assets.xcassets; sourceTree = "<group>"; };
		CC74B0602618672E00C7AF56 /* Base */ = {isa = PBXFileReference; lastKnownFileType = file.storyboard; name = Base; path = Base.lproj/LaunchScreen.storyboard; sourceTree = "<group>"; };
		CC74B07D2618680C00C7AF56 /* Push it.entitlements */ = {isa = PBXFileReference; lastKnownFileType = text.plist.entitlements; path = "Push it.entitlements"; sourceTree = "<group>"; };
		CC74B0872618693200C7AF56 /* Configuration.swift */ = {isa = PBXFileReference; lastKnownFileType = sourcecode.swift; path = Configuration.swift; sourceTree = "<group>"; };
		CC8A9637265D7A7B003DAF6D /* AppController.swift */ = {isa = PBXFileReference; lastKnownFileType = sourcecode.swift; path = AppController.swift; sourceTree = "<group>"; };
		CCB0B95F26762BE600FB8923 /* GoogleService-Info.plist */ = {isa = PBXFileReference; fileEncoding = 4; lastKnownFileType = text.plist.xml; path = "GoogleService-Info.plist"; sourceTree = "<group>"; };
		CCC0034926679BB2003983C6 /* DateFormatter.swift */ = {isa = PBXFileReference; lastKnownFileType = sourcecode.swift; path = DateFormatter.swift; sourceTree = "<group>"; };
		CCC0034F26679E29003983C6 /* Date.swift */ = {isa = PBXFileReference; lastKnownFileType = sourcecode.swift; path = Date.swift; sourceTree = "<group>"; };
		CCC4760F26737AD2009F9013 /* OSLog.swift */ = {isa = PBXFileReference; lastKnownFileType = sourcecode.swift; path = OSLog.swift; sourceTree = "<group>"; };
		CCD6901A2620825900BBE472 /* ImageDownloader.swift */ = {isa = PBXFileReference; lastKnownFileType = sourcecode.swift; path = ImageDownloader.swift; sourceTree = "<group>"; };
/* End PBXFileReference section */

/* Begin PBXFrameworksBuildPhase section */
		1DE8F7DB2602477F00079E0C /* Frameworks */ = {
			isa = PBXFrameworksBuildPhase;
			buildActionMask = 2147483647;
			files = (
				CC118DCC2640715F00E17559 /* RxRelay in Frameworks */,
				CC118DCA2640715F00E17559 /* RxCocoa in Frameworks */,
				CC118DC82640715F00E17559 /* RxSwift in Frameworks */,
			);
			runOnlyForDeploymentPostprocessing = 0;
		};
		1DE8F7F12602478000079E0C /* Frameworks */ = {
			isa = PBXFrameworksBuildPhase;
			buildActionMask = 2147483647;
			files = (
			);
			runOnlyForDeploymentPostprocessing = 0;
		};
		1DE8F7FC2602478000079E0C /* Frameworks */ = {
			isa = PBXFrameworksBuildPhase;
			buildActionMask = 2147483647;
			files = (
			);
			runOnlyForDeploymentPostprocessing = 0;
		};
		CC459762261CE139001DD009 /* Frameworks */ = {
			isa = PBXFrameworksBuildPhase;
			buildActionMask = 2147483647;
			files = (
			);
			runOnlyForDeploymentPostprocessing = 0;
		};
/* End PBXFrameworksBuildPhase section */

/* Begin PBXGroup section */
		1DE8F7D52602477F00079E0C = {
			isa = PBXGroup;
			children = (
				1DE8F7E02602477F00079E0C /* Push it */,
				1DE8F7F72602478000079E0C /* Push itTests */,
				1DE8F8022602478000079E0C /* Push itUITests */,
				CC459766261CE139001DD009 /* NotificationServiceExtension */,
				1DE8F7DF2602477F00079E0C /* Products */,
				CCB0B964267632ED00FB8923 /* Frameworks */,
			);
			sourceTree = "<group>";
		};
		1DE8F7DF2602477F00079E0C /* Products */ = {
			isa = PBXGroup;
			children = (
				1DE8F7DE2602477F00079E0C /* Push it.app */,
				1DE8F7F42602478000079E0C /* Push itTests.xctest */,
				1DE8F7FF2602478000079E0C /* Push itUITests.xctest */,
				CC459765261CE139001DD009 /* NotificationServiceExtension.appex */,
			);
			name = Products;
			sourceTree = "<group>";
		};
		1DE8F7E02602477F00079E0C /* Push it */ = {
			isa = PBXGroup;
			children = (
				CC74B0582618672E00C7AF56 /* Application */,
				CCD690192620824700BBE472 /* Common */,
				CC459760261CE080001DD009 /* Extensions */,
				CC25FEE3267148620069A2E4 /* Networking */,
				CC74B05D2618672E00C7AF56 /* Resources */,
				CC71C62C26987C2F008F6D7E /* Source */,
			);
			path = "Push it";
			sourceTree = "<group>";
		};
		1DE8F7F72602478000079E0C /* Push itTests */ = {
			isa = PBXGroup;
			children = (
				1DE8F7F82602478000079E0C /* Push_itTests.swift */,
				1DE8F7FA2602478000079E0C /* Info.plist */,
			);
			path = "Push itTests";
			sourceTree = "<group>";
		};
		1DE8F8022602478000079E0C /* Push itUITests */ = {
			isa = PBXGroup;
			children = (
				1DE8F8032602478000079E0C /* Push_itUITests.swift */,
				1DE8F8052602478000079E0C /* Info.plist */,
			);
			path = "Push itUITests";
			sourceTree = "<group>";
		};
		CC25FEE3267148620069A2E4 /* Networking */ = {
			isa = PBXGroup;
			children = (
				CC5CC5EC26AD541800D104E3 /* Models */,
				CC25FEE6267148620069A2E4 /* NetworkModels */,
				CC25FEEA267148620069A2E4 /* Protocols */,
				CC25FEE9267148620069A2E4 /* PushItNetworkEnvironment.swift */,
				CC25FEE4267148620069A2E4 /* PushItNetworkLayer.swift */,
				CC25FEE5267148620069A2E4 /* PushItNetworkRoute.swift */,
			);
			path = Networking;
			sourceTree = "<group>";
		};
		CC25FEE6267148620069A2E4 /* NetworkModels */ = {
			isa = PBXGroup;
			children = (
				CC25FEE7267148620069A2E4 /* NetworkNews.swift */,
				CC25FEE8267148620069A2E4 /* NetworkArticle.swift */,
			);
			path = NetworkModels;
			sourceTree = "<group>";
		};
		CC25FEEA267148620069A2E4 /* Protocols */ = {
			isa = PBXGroup;
			children = (
				CC25FEEB267148620069A2E4 /* NetworkEnvironment.swift */,
				CC25FEEC267148620069A2E4 /* NetworkRoute.swift */,
				CC25FEED267148620069A2E4 /* NetworkResponse.swift */,
				CC25FEEE267148620069A2E4 /* Networking.swift */,
				CC25FEEF267148620069A2E4 /* NetworkValidation.swift */,
				CC25FEF0267148620069A2E4 /* NetworkTask.swift */,
				CC25FEF1267148620069A2E4 /* NetworkProvider.swift */,
				CC25FEF2267148620069A2E4 /* NetworkError.swift */,
			);
			path = Protocols;
			sourceTree = "<group>";
		};
		CC459760261CE080001DD009 /* Extensions */ = {
			isa = PBXGroup;
			children = (
				CCC0034926679BB2003983C6 /* DateFormatter.swift */,
				CCC0034F26679E29003983C6 /* Date.swift */,
				CCC4760F26737AD2009F9013 /* OSLog.swift */,
			);
			path = Extensions;
			sourceTree = "<group>";
		};
		CC459766261CE139001DD009 /* NotificationServiceExtension */ = {
			isa = PBXGroup;
			children = (
				CC459767261CE139001DD009 /* NotificationService.swift */,
				CC459769261CE139001DD009 /* Info.plist */,
			);
			path = NotificationServiceExtension;
			sourceTree = "<group>";
		};
		CC5CC5EC26AD541800D104E3 /* Models */ = {
			isa = PBXGroup;
			children = (
				CC5CC5ED26AD541800D104E3 /* Article.swift */,
			);
			path = Models;
			sourceTree = "<group>";
		};
		CC71C62C26987C2F008F6D7E /* Source */ = {
			isa = PBXGroup;
			children = (
				CC71C62D26987C2F008F6D7E /* TabBar */,
				CC71C62F26987C2F008F6D7E /* Detail */,
				CC71C63326987C2F008F6D7E /* News */,
				CC71C63C26987C2F008F6D7E /* Local Notifications */,
			);
			path = Source;
			sourceTree = "<group>";
		};
		CC71C62D26987C2F008F6D7E /* TabBar */ = {
			isa = PBXGroup;
			children = (
				CC71C62E26987C2F008F6D7E /* PushItTabBarController.swift */,
			);
			path = TabBar;
			sourceTree = "<group>";
		};
		CC71C62F26987C2F008F6D7E /* Detail */ = {
			isa = PBXGroup;
			children = (
				CC71C63126987C2F008F6D7E /* NewsDetailViewController.storyboard */,
				CC71C64C26987D1C008F6D7E /* NewsDetailPresenter.swift */,
				CC71C63026987C2F008F6D7E /* NewsDetailViewController.swift */,
			);
			path = Detail;
			sourceTree = "<group>";
		};
		CC71C63326987C2F008F6D7E /* News */ = {
			isa = PBXGroup;
			children = (
				CC71C63626987C2F008F6D7E /* NewsViewController.storyboard */,
				CC71C63426987C2F008F6D7E /* NewsInteractor.swift */,
				CC71C63726987C2F008F6D7E /* NewsPresenter.swift */,
				CC71C63526987C2F008F6D7E /* NewsRouter.swift */,
				CC71C63826987C2F008F6D7E /* NewsViewController.swift */,
				CC71C63926987C2F008F6D7E /* Cell */,
			);
			path = News;
			sourceTree = "<group>";
		};
		CC71C63926987C2F008F6D7E /* Cell */ = {
			isa = PBXGroup;
			children = (
				CC71C63A26987C2F008F6D7E /* NewsCollectionViewCell.swift */,
				CC71C63B26987C2F008F6D7E /* NewsCollectionViewCell.xib */,
			);
			path = Cell;
			sourceTree = "<group>";
		};
		CC71C63C26987C2F008F6D7E /* Local Notifications */ = {
			isa = PBXGroup;
			children = (
				CC71C63D26987C2F008F6D7E /* LocationNotificationsViewController.storyboard */,
				CC71C63E26987C2F008F6D7E /* LocalNotificationsViewController.swift */,
			);
			path = "Local Notifications";
			sourceTree = "<group>";
		};
		CC74B0582618672E00C7AF56 /* Application */ = {
			isa = PBXGroup;
			children = (
				CC74B05A2618672E00C7AF56 /* AppDelegate.swift */,
				CC8A9637265D7A7B003DAF6D /* AppController.swift */,
				CC74B07D2618680C00C7AF56 /* Push it.entitlements */,
				CC74B05B2618672E00C7AF56 /* Info.plist */,
				CCB0B95F26762BE600FB8923 /* GoogleService-Info.plist */,
				CC74B0872618693200C7AF56 /* Configuration.swift */,
			);
			path = Application;
			sourceTree = "<group>";
		};
		CC74B05D2618672E00C7AF56 /* Resources */ = {
			isa = PBXGroup;
			children = (
				CC25FEBB266F8BF70069A2E4 /* Bear.jpg */,
				CC25FEC1266F8D520069A2E4 /* giphy.gif */,
				CC74B05E2618672E00C7AF56 /* Assets.xcassets */,
				CC74B05F2618672E00C7AF56 /* LaunchScreen.storyboard */,
			);
			path = Resources;
			sourceTree = "<group>";
		};
		CCB0B964267632ED00FB8923 /* Frameworks */ = {
			isa = PBXGroup;
			children = (
			);
			name = Frameworks;
			sourceTree = "<group>";
		};
		CCD690192620824700BBE472 /* Common */ = {
			isa = PBXGroup;
			children = (
				CCD6901A2620825900BBE472 /* ImageDownloader.swift */,
			);
			path = Common;
			sourceTree = "<group>";
		};
/* End PBXGroup section */

/* Begin PBXNativeTarget section */
		1DE8F7DD2602477F00079E0C /* Push it */ = {
			isa = PBXNativeTarget;
			buildConfigurationList = 1DE8F8082602478000079E0C /* Build configuration list for PBXNativeTarget "Push it" */;
			buildPhases = (
				1DE8F7DA2602477F00079E0C /* Sources */,
				1DE8F7DB2602477F00079E0C /* Frameworks */,
				1DE8F7DC2602477F00079E0C /* Resources */,
				CC459770261CE139001DD009 /* Embed App Extensions */,
			);
			buildRules = (
			);
			dependencies = (
				CC45976B261CE139001DD009 /* PBXTargetDependency */,
			);
			name = "Push it";
			packageProductDependencies = (
				CC118DC72640715F00E17559 /* RxSwift */,
				CC118DC92640715F00E17559 /* RxCocoa */,
				CC118DCB2640715F00E17559 /* RxRelay */,
			);
			productName = "Push it";
			productReference = 1DE8F7DE2602477F00079E0C /* Push it.app */;
			productType = "com.apple.product-type.application";
		};
		1DE8F7F32602478000079E0C /* Push itTests */ = {
			isa = PBXNativeTarget;
			buildConfigurationList = 1DE8F80B2602478000079E0C /* Build configuration list for PBXNativeTarget "Push itTests" */;
			buildPhases = (
				1DE8F7F02602478000079E0C /* Sources */,
				1DE8F7F12602478000079E0C /* Frameworks */,
				1DE8F7F22602478000079E0C /* Resources */,
			);
			buildRules = (
			);
			dependencies = (
				1DE8F7F62602478000079E0C /* PBXTargetDependency */,
			);
			name = "Push itTests";
			productName = "Push itTests";
			productReference = 1DE8F7F42602478000079E0C /* Push itTests.xctest */;
			productType = "com.apple.product-type.bundle.unit-test";
		};
		1DE8F7FE2602478000079E0C /* Push itUITests */ = {
			isa = PBXNativeTarget;
			buildConfigurationList = 1DE8F80E2602478000079E0C /* Build configuration list for PBXNativeTarget "Push itUITests" */;
			buildPhases = (
				1DE8F7FB2602478000079E0C /* Sources */,
				1DE8F7FC2602478000079E0C /* Frameworks */,
				1DE8F7FD2602478000079E0C /* Resources */,
			);
			buildRules = (
			);
			dependencies = (
				1DE8F8012602478000079E0C /* PBXTargetDependency */,
			);
			name = "Push itUITests";
			productName = "Push itUITests";
			productReference = 1DE8F7FF2602478000079E0C /* Push itUITests.xctest */;
			productType = "com.apple.product-type.bundle.ui-testing";
		};
		CC459764261CE139001DD009 /* NotificationServiceExtension */ = {
			isa = PBXNativeTarget;
			buildConfigurationList = CC45976D261CE139001DD009 /* Build configuration list for PBXNativeTarget "NotificationServiceExtension" */;
			buildPhases = (
				CC459761261CE139001DD009 /* Sources */,
				CC459762261CE139001DD009 /* Frameworks */,
				CC459763261CE139001DD009 /* Resources */,
			);
			buildRules = (
			);
			dependencies = (
			);
			name = NotificationServiceExtension;
			productName = NotificationServiceExtension;
			productReference = CC459765261CE139001DD009 /* NotificationServiceExtension.appex */;
			productType = "com.apple.product-type.app-extension";
		};
/* End PBXNativeTarget section */

/* Begin PBXProject section */
		1DE8F7D62602477F00079E0C /* Project object */ = {
			isa = PBXProject;
			attributes = {
				LastSwiftUpdateCheck = 1240;
				LastUpgradeCheck = 1230;
				TargetAttributes = {
					1DE8F7DD2602477F00079E0C = {
						CreatedOnToolsVersion = 12.3;
					};
					1DE8F7F32602478000079E0C = {
						CreatedOnToolsVersion = 12.3;
						TestTargetID = 1DE8F7DD2602477F00079E0C;
					};
					1DE8F7FE2602478000079E0C = {
						CreatedOnToolsVersion = 12.3;
						TestTargetID = 1DE8F7DD2602477F00079E0C;
					};
					CC459764261CE139001DD009 = {
						CreatedOnToolsVersion = 12.4;
					};
				};
			};
			buildConfigurationList = 1DE8F7D92602477F00079E0C /* Build configuration list for PBXProject "Push it" */;
			compatibilityVersion = "Xcode 9.3";
			developmentRegion = en;
			hasScannedForEncodings = 0;
			knownRegions = (
				en,
				Base,
			);
			mainGroup = 1DE8F7D52602477F00079E0C;
			packageReferences = (
				CC118DC62640715F00E17559 /* XCRemoteSwiftPackageReference "RxSwift" */,
			);
			productRefGroup = 1DE8F7DF2602477F00079E0C /* Products */;
			projectDirPath = "";
			projectRoot = "";
			targets = (
				1DE8F7DD2602477F00079E0C /* Push it */,
				1DE8F7F32602478000079E0C /* Push itTests */,
				1DE8F7FE2602478000079E0C /* Push itUITests */,
				CC459764261CE139001DD009 /* NotificationServiceExtension */,
			);
		};
/* End PBXProject section */

/* Begin PBXResourcesBuildPhase section */
		1DE8F7DC2602477F00079E0C /* Resources */ = {
			isa = PBXResourcesBuildPhase;
			buildActionMask = 2147483647;
			files = (
				CCB0B96026762BE600FB8923 /* GoogleService-Info.plist in Resources */,
				CC74B06A2618672E00C7AF56 /* LaunchScreen.storyboard in Resources */,
				CC74B0692618672E00C7AF56 /* Assets.xcassets in Resources */,
				CC71C64126987C2F008F6D7E /* NewsDetailViewController.storyboard in Resources */,
				CC25FEBC266F8BF70069A2E4 /* Bear.jpg in Resources */,
				CC71C64A26987C2F008F6D7E /* LocationNotificationsViewController.storyboard in Resources */,
				CC71C64526987C2F008F6D7E /* NewsViewController.storyboard in Resources */,
				CC25FEC2266F8D520069A2E4 /* giphy.gif in Resources */,
				CC71C64926987C2F008F6D7E /* NewsCollectionViewCell.xib in Resources */,
			);
			runOnlyForDeploymentPostprocessing = 0;
		};
		1DE8F7F22602478000079E0C /* Resources */ = {
			isa = PBXResourcesBuildPhase;
			buildActionMask = 2147483647;
			files = (
			);
			runOnlyForDeploymentPostprocessing = 0;
		};
		1DE8F7FD2602478000079E0C /* Resources */ = {
			isa = PBXResourcesBuildPhase;
			buildActionMask = 2147483647;
			files = (
			);
			runOnlyForDeploymentPostprocessing = 0;
		};
		CC459763261CE139001DD009 /* Resources */ = {
			isa = PBXResourcesBuildPhase;
			buildActionMask = 2147483647;
			files = (
			);
			runOnlyForDeploymentPostprocessing = 0;
		};
/* End PBXResourcesBuildPhase section */

/* Begin PBXSourcesBuildPhase section */
		1DE8F7DA2602477F00079E0C /* Sources */ = {
			isa = PBXSourcesBuildPhase;
			buildActionMask = 2147483647;
			files = (
				CCC0034A26679BB2003983C6 /* DateFormatter.swift in Sources */,
				CC25FEFD267148620069A2E4 /* NetworkTask.swift in Sources */,
				CC25FEFB267148620069A2E4 /* Networking.swift in Sources */,
				CC25FEFA267148620069A2E4 /* NetworkResponse.swift in Sources */,
				CC25FEF9267148620069A2E4 /* NetworkRoute.swift in Sources */,
				CC25FEF5267148620069A2E4 /* NetworkNews.swift in Sources */,
				CC71C64026987C2F008F6D7E /* NewsDetailViewController.swift in Sources */,
				CC25FEF4267148620069A2E4 /* PushItNetworkRoute.swift in Sources */,
				CC25FEFC267148620069A2E4 /* NetworkValidation.swift in Sources */,
				CCC0035026679E29003983C6 /* Date.swift in Sources */,
				CC71C64626987C2F008F6D7E /* NewsPresenter.swift in Sources */,
				CC25FEFE267148620069A2E4 /* NetworkProvider.swift in Sources */,
				CC25FEF7267148620069A2E4 /* PushItNetworkEnvironment.swift in Sources */,
				CC71C64D26987D1C008F6D7E /* NewsDetailPresenter.swift in Sources */,
				CC5CC5EE26AD541800D104E3 /* Article.swift in Sources */,
				CC25FEF8267148620069A2E4 /* NetworkEnvironment.swift in Sources */,
				CC71C64826987C2F008F6D7E /* NewsCollectionViewCell.swift in Sources */,
				CC71C64726987C2F008F6D7E /* NewsViewController.swift in Sources */,
				CC74B0882618693200C7AF56 /* Configuration.swift in Sources */,
				CC74B0662618672E00C7AF56 /* AppDelegate.swift in Sources */,
				CC25FEF3267148620069A2E4 /* PushItNetworkLayer.swift in Sources */,
				CC25FEF6267148620069A2E4 /* NetworkArticle.swift in Sources */,
				CC25FEFF267148620069A2E4 /* NetworkError.swift in Sources */,
				CC68F9DC2683692200B97EB9 /* AppController.swift in Sources */,
				CCD6901B2620825900BBE472 /* ImageDownloader.swift in Sources */,
				CC71C63F26987C2F008F6D7E /* PushItTabBarController.swift in Sources */,
				CC71C64B26987C2F008F6D7E /* LocalNotificationsViewController.swift in Sources */,
				CCC4761026737AD2009F9013 /* OSLog.swift in Sources */,
				CC71C64426987C2F008F6D7E /* NewsRouter.swift in Sources */,
				CC71C64326987C2F008F6D7E /* NewsInteractor.swift in Sources */,
			);
			runOnlyForDeploymentPostprocessing = 0;
		};
		1DE8F7F02602478000079E0C /* Sources */ = {
			isa = PBXSourcesBuildPhase;
			buildActionMask = 2147483647;
			files = (
				1DE8F7F92602478000079E0C /* Push_itTests.swift in Sources */,
			);
			runOnlyForDeploymentPostprocessing = 0;
		};
		1DE8F7FB2602478000079E0C /* Sources */ = {
			isa = PBXSourcesBuildPhase;
			buildActionMask = 2147483647;
			files = (
				1DE8F8042602478000079E0C /* Push_itUITests.swift in Sources */,
			);
			runOnlyForDeploymentPostprocessing = 0;
		};
		CC459761261CE139001DD009 /* Sources */ = {
			isa = PBXSourcesBuildPhase;
			buildActionMask = 2147483647;
			files = (
				CCD690242620825E00BBE472 /* ImageDownloader.swift in Sources */,
				CC459768261CE139001DD009 /* NotificationService.swift in Sources */,
			);
			runOnlyForDeploymentPostprocessing = 0;
		};
/* End PBXSourcesBuildPhase section */

/* Begin PBXTargetDependency section */
		1DE8F7F62602478000079E0C /* PBXTargetDependency */ = {
			isa = PBXTargetDependency;
			target = 1DE8F7DD2602477F00079E0C /* Push it */;
			targetProxy = 1DE8F7F52602478000079E0C /* PBXContainerItemProxy */;
		};
		1DE8F8012602478000079E0C /* PBXTargetDependency */ = {
			isa = PBXTargetDependency;
			target = 1DE8F7DD2602477F00079E0C /* Push it */;
			targetProxy = 1DE8F8002602478000079E0C /* PBXContainerItemProxy */;
		};
		CC45976B261CE139001DD009 /* PBXTargetDependency */ = {
			isa = PBXTargetDependency;
			target = CC459764261CE139001DD009 /* NotificationServiceExtension */;
			targetProxy = CC45976A261CE139001DD009 /* PBXContainerItemProxy */;
		};
/* End PBXTargetDependency section */

/* Begin PBXVariantGroup section */
		CC74B05F2618672E00C7AF56 /* LaunchScreen.storyboard */ = {
			isa = PBXVariantGroup;
			children = (
				CC74B0602618672E00C7AF56 /* Base */,
			);
			name = LaunchScreen.storyboard;
			sourceTree = "<group>";
		};
/* End PBXVariantGroup section */

/* Begin XCBuildConfiguration section */
		1DE8F8062602478000079E0C /* Debug */ = {
			isa = XCBuildConfiguration;
			buildSettings = {
				ALWAYS_SEARCH_USER_PATHS = NO;
				CLANG_ANALYZER_NONNULL = YES;
				CLANG_ANALYZER_NUMBER_OBJECT_CONVERSION = YES_AGGRESSIVE;
				CLANG_CXX_LANGUAGE_STANDARD = "gnu++14";
				CLANG_CXX_LIBRARY = "libc++";
				CLANG_ENABLE_MODULES = YES;
				CLANG_ENABLE_OBJC_ARC = YES;
				CLANG_ENABLE_OBJC_WEAK = YES;
				CLANG_WARN_BLOCK_CAPTURE_AUTORELEASING = YES;
				CLANG_WARN_BOOL_CONVERSION = YES;
				CLANG_WARN_COMMA = YES;
				CLANG_WARN_CONSTANT_CONVERSION = YES;
				CLANG_WARN_DEPRECATED_OBJC_IMPLEMENTATIONS = YES;
				CLANG_WARN_DIRECT_OBJC_ISA_USAGE = YES_ERROR;
				CLANG_WARN_DOCUMENTATION_COMMENTS = YES;
				CLANG_WARN_EMPTY_BODY = YES;
				CLANG_WARN_ENUM_CONVERSION = YES;
				CLANG_WARN_INFINITE_RECURSION = YES;
				CLANG_WARN_INT_CONVERSION = YES;
				CLANG_WARN_NON_LITERAL_NULL_CONVERSION = YES;
				CLANG_WARN_OBJC_IMPLICIT_RETAIN_SELF = YES;
				CLANG_WARN_OBJC_LITERAL_CONVERSION = YES;
				CLANG_WARN_OBJC_ROOT_CLASS = YES_ERROR;
				CLANG_WARN_QUOTED_INCLUDE_IN_FRAMEWORK_HEADER = YES;
				CLANG_WARN_RANGE_LOOP_ANALYSIS = YES;
				CLANG_WARN_STRICT_PROTOTYPES = YES;
				CLANG_WARN_SUSPICIOUS_MOVE = YES;
				CLANG_WARN_UNGUARDED_AVAILABILITY = YES_AGGRESSIVE;
				CLANG_WARN_UNREACHABLE_CODE = YES;
				CLANG_WARN__DUPLICATE_METHOD_MATCH = YES;
				COPY_PHASE_STRIP = NO;
				DEBUG_INFORMATION_FORMAT = dwarf;
				ENABLE_STRICT_OBJC_MSGSEND = YES;
				ENABLE_TESTABILITY = YES;
				GCC_C_LANGUAGE_STANDARD = gnu11;
				GCC_DYNAMIC_NO_PIC = NO;
				GCC_NO_COMMON_BLOCKS = YES;
				GCC_OPTIMIZATION_LEVEL = 0;
				GCC_PREPROCESSOR_DEFINITIONS = (
					"DEBUG=1",
					"$(inherited)",
				);
				GCC_WARN_64_TO_32_BIT_CONVERSION = YES;
				GCC_WARN_ABOUT_RETURN_TYPE = YES_ERROR;
				GCC_WARN_UNDECLARED_SELECTOR = YES;
				GCC_WARN_UNINITIALIZED_AUTOS = YES_AGGRESSIVE;
				GCC_WARN_UNUSED_FUNCTION = YES;
				GCC_WARN_UNUSED_VARIABLE = YES;
				IPHONEOS_DEPLOYMENT_TARGET = 14.3;
				MTL_ENABLE_DEBUG_INFO = INCLUDE_SOURCE;
				MTL_FAST_MATH = YES;
				ONLY_ACTIVE_ARCH = YES;
				SDKROOT = iphoneos;
				SWIFT_ACTIVE_COMPILATION_CONDITIONS = DEBUG;
				SWIFT_OPTIMIZATION_LEVEL = "-Onone";
			};
			name = Debug;
		};
		1DE8F8072602478000079E0C /* Release */ = {
			isa = XCBuildConfiguration;
			buildSettings = {
				ALWAYS_SEARCH_USER_PATHS = NO;
				CLANG_ANALYZER_NONNULL = YES;
				CLANG_ANALYZER_NUMBER_OBJECT_CONVERSION = YES_AGGRESSIVE;
				CLANG_CXX_LANGUAGE_STANDARD = "gnu++14";
				CLANG_CXX_LIBRARY = "libc++";
				CLANG_ENABLE_MODULES = YES;
				CLANG_ENABLE_OBJC_ARC = YES;
				CLANG_ENABLE_OBJC_WEAK = YES;
				CLANG_WARN_BLOCK_CAPTURE_AUTORELEASING = YES;
				CLANG_WARN_BOOL_CONVERSION = YES;
				CLANG_WARN_COMMA = YES;
				CLANG_WARN_CONSTANT_CONVERSION = YES;
				CLANG_WARN_DEPRECATED_OBJC_IMPLEMENTATIONS = YES;
				CLANG_WARN_DIRECT_OBJC_ISA_USAGE = YES_ERROR;
				CLANG_WARN_DOCUMENTATION_COMMENTS = YES;
				CLANG_WARN_EMPTY_BODY = YES;
				CLANG_WARN_ENUM_CONVERSION = YES;
				CLANG_WARN_INFINITE_RECURSION = YES;
				CLANG_WARN_INT_CONVERSION = YES;
				CLANG_WARN_NON_LITERAL_NULL_CONVERSION = YES;
				CLANG_WARN_OBJC_IMPLICIT_RETAIN_SELF = YES;
				CLANG_WARN_OBJC_LITERAL_CONVERSION = YES;
				CLANG_WARN_OBJC_ROOT_CLASS = YES_ERROR;
				CLANG_WARN_QUOTED_INCLUDE_IN_FRAMEWORK_HEADER = YES;
				CLANG_WARN_RANGE_LOOP_ANALYSIS = YES;
				CLANG_WARN_STRICT_PROTOTYPES = YES;
				CLANG_WARN_SUSPICIOUS_MOVE = YES;
				CLANG_WARN_UNGUARDED_AVAILABILITY = YES_AGGRESSIVE;
				CLANG_WARN_UNREACHABLE_CODE = YES;
				CLANG_WARN__DUPLICATE_METHOD_MATCH = YES;
				COPY_PHASE_STRIP = NO;
				DEBUG_INFORMATION_FORMAT = "dwarf-with-dsym";
				ENABLE_NS_ASSERTIONS = NO;
				ENABLE_STRICT_OBJC_MSGSEND = YES;
				GCC_C_LANGUAGE_STANDARD = gnu11;
				GCC_NO_COMMON_BLOCKS = YES;
				GCC_WARN_64_TO_32_BIT_CONVERSION = YES;
				GCC_WARN_ABOUT_RETURN_TYPE = YES_ERROR;
				GCC_WARN_UNDECLARED_SELECTOR = YES;
				GCC_WARN_UNINITIALIZED_AUTOS = YES_AGGRESSIVE;
				GCC_WARN_UNUSED_FUNCTION = YES;
				GCC_WARN_UNUSED_VARIABLE = YES;
				IPHONEOS_DEPLOYMENT_TARGET = 14.3;
				MTL_ENABLE_DEBUG_INFO = NO;
				MTL_FAST_MATH = YES;
				SDKROOT = iphoneos;
				SWIFT_COMPILATION_MODE = wholemodule;
				SWIFT_OPTIMIZATION_LEVEL = "-O";
				VALIDATE_PRODUCT = YES;
			};
			name = Release;
		};
		1DE8F8092602478000079E0C /* Debug */ = {
			isa = XCBuildConfiguration;
			buildSettings = {
				ALWAYS_EMBED_SWIFT_STANDARD_LIBRARIES = YES;
				ASSETCATALOG_COMPILER_APPICON_NAME = AppIcon;
				ASSETCATALOG_COMPILER_GLOBAL_ACCENT_COLOR_NAME = AccentColor;
				CODE_SIGN_ENTITLEMENTS = "Push it/Application/Push it.entitlements";
				CODE_SIGN_STYLE = Automatic;
				DEVELOPMENT_TEAM = 369R8Q7M52;
				INFOPLIST_FILE = "Push it/Application/Info.plist";
				LD_RUNPATH_SEARCH_PATHS = (
					"$(inherited)",
					"@executable_path/Frameworks",
				);
				PRODUCT_BUNDLE_IDENTIFIER = "app.bartdebruin.Push-it";
				PRODUCT_NAME = "$(TARGET_NAME)";
				SWIFT_VERSION = 5.0;
				TARGETED_DEVICE_FAMILY = "1,2";
			};
			name = Debug;
		};
		1DE8F80A2602478000079E0C /* Release */ = {
			isa = XCBuildConfiguration;
			buildSettings = {
				ALWAYS_EMBED_SWIFT_STANDARD_LIBRARIES = YES;
				ASSETCATALOG_COMPILER_APPICON_NAME = AppIcon;
				ASSETCATALOG_COMPILER_GLOBAL_ACCENT_COLOR_NAME = AccentColor;
				CODE_SIGN_ENTITLEMENTS = "Push it/Application/Push it.entitlements";
				CODE_SIGN_STYLE = Automatic;
				DEVELOPMENT_TEAM = 369R8Q7M52;
				INFOPLIST_FILE = "Push it/Application/Info.plist";
				LD_RUNPATH_SEARCH_PATHS = (
					"$(inherited)",
					"@executable_path/Frameworks",
				);
				PRODUCT_BUNDLE_IDENTIFIER = "app.bartdebruin.Push-it";
				PRODUCT_NAME = "$(TARGET_NAME)";
				SWIFT_VERSION = 5.0;
				TARGETED_DEVICE_FAMILY = "1,2";
			};
			name = Release;
		};
		1DE8F80C2602478000079E0C /* Debug */ = {
			isa = XCBuildConfiguration;
			buildSettings = {
				ALWAYS_EMBED_SWIFT_STANDARD_LIBRARIES = YES;
				BUNDLE_LOADER = "$(TEST_HOST)";
				CODE_SIGN_STYLE = Automatic;
				DEVELOPMENT_TEAM = 369R8Q7M52;
				INFOPLIST_FILE = "Push itTests/Info.plist";
				IPHONEOS_DEPLOYMENT_TARGET = 14.3;
				LD_RUNPATH_SEARCH_PATHS = (
					"$(inherited)",
					"@executable_path/Frameworks",
					"@loader_path/Frameworks",
				);
				PRODUCT_BUNDLE_IDENTIFIER = "app.bartdebruin.Push-itTests";
				PRODUCT_NAME = "$(TARGET_NAME)";
				SWIFT_VERSION = 5.0;
				TARGETED_DEVICE_FAMILY = "1,2";
				TEST_HOST = "$(BUILT_PRODUCTS_DIR)/Push it.app/Push it";
			};
			name = Debug;
		};
		1DE8F80D2602478000079E0C /* Release */ = {
			isa = XCBuildConfiguration;
			buildSettings = {
				ALWAYS_EMBED_SWIFT_STANDARD_LIBRARIES = YES;
				BUNDLE_LOADER = "$(TEST_HOST)";
				CODE_SIGN_STYLE = Automatic;
				DEVELOPMENT_TEAM = 369R8Q7M52;
				INFOPLIST_FILE = "Push itTests/Info.plist";
				IPHONEOS_DEPLOYMENT_TARGET = 14.3;
				LD_RUNPATH_SEARCH_PATHS = (
					"$(inherited)",
					"@executable_path/Frameworks",
					"@loader_path/Frameworks",
				);
				PRODUCT_BUNDLE_IDENTIFIER = "app.bartdebruin.Push-itTests";
				PRODUCT_NAME = "$(TARGET_NAME)";
				SWIFT_VERSION = 5.0;
				TARGETED_DEVICE_FAMILY = "1,2";
				TEST_HOST = "$(BUILT_PRODUCTS_DIR)/Push it.app/Push it";
			};
			name = Release;
		};
		1DE8F80F2602478000079E0C /* Debug */ = {
			isa = XCBuildConfiguration;
			buildSettings = {
				ALWAYS_EMBED_SWIFT_STANDARD_LIBRARIES = YES;
				CODE_SIGN_STYLE = Automatic;
				DEVELOPMENT_TEAM = 369R8Q7M52;
				INFOPLIST_FILE = "Push itUITests/Info.plist";
				LD_RUNPATH_SEARCH_PATHS = (
					"$(inherited)",
					"@executable_path/Frameworks",
					"@loader_path/Frameworks",
				);
				PRODUCT_BUNDLE_IDENTIFIER = "app.bartdebruin.Push-itUITests";
				PRODUCT_NAME = "$(TARGET_NAME)";
				SWIFT_VERSION = 5.0;
				TARGETED_DEVICE_FAMILY = "1,2";
				TEST_TARGET_NAME = "Push it";
			};
			name = Debug;
		};
		1DE8F8102602478000079E0C /* Release */ = {
			isa = XCBuildConfiguration;
			buildSettings = {
				ALWAYS_EMBED_SWIFT_STANDARD_LIBRARIES = YES;
				CODE_SIGN_STYLE = Automatic;
				DEVELOPMENT_TEAM = 369R8Q7M52;
				INFOPLIST_FILE = "Push itUITests/Info.plist";
				LD_RUNPATH_SEARCH_PATHS = (
					"$(inherited)",
					"@executable_path/Frameworks",
					"@loader_path/Frameworks",
				);
				PRODUCT_BUNDLE_IDENTIFIER = "app.bartdebruin.Push-itUITests";
				PRODUCT_NAME = "$(TARGET_NAME)";
				SWIFT_VERSION = 5.0;
				TARGETED_DEVICE_FAMILY = "1,2";
				TEST_TARGET_NAME = "Push it";
			};
			name = Release;
		};
		CC45976E261CE139001DD009 /* Debug */ = {
			isa = XCBuildConfiguration;
			buildSettings = {
				CODE_SIGN_STYLE = Automatic;
				DEVELOPMENT_TEAM = 369R8Q7M52;
				INFOPLIST_FILE = NotificationServiceExtension/Info.plist;
				IPHONEOS_DEPLOYMENT_TARGET = 14.4;
				LD_RUNPATH_SEARCH_PATHS = (
					"$(inherited)",
					"@executable_path/Frameworks",
					"@executable_path/../../Frameworks",
				);
				PRODUCT_BUNDLE_IDENTIFIER = "app.bartdebruin.Push-it.NotificationServiceExtension";
				PRODUCT_NAME = "$(TARGET_NAME)";
				SKIP_INSTALL = YES;
				SWIFT_VERSION = 5.0;
				TARGETED_DEVICE_FAMILY = "1,2";
			};
			name = Debug;
		};
		CC45976F261CE139001DD009 /* Release */ = {
			isa = XCBuildConfiguration;
			buildSettings = {
				CODE_SIGN_STYLE = Automatic;
				DEVELOPMENT_TEAM = 369R8Q7M52;
				INFOPLIST_FILE = NotificationServiceExtension/Info.plist;
				IPHONEOS_DEPLOYMENT_TARGET = 14.4;
				LD_RUNPATH_SEARCH_PATHS = (
					"$(inherited)",
					"@executable_path/Frameworks",
					"@executable_path/../../Frameworks",
				);
				PRODUCT_BUNDLE_IDENTIFIER = "app.bartdebruin.Push-it.NotificationServiceExtension";
				PRODUCT_NAME = "$(TARGET_NAME)";
				SKIP_INSTALL = YES;
				SWIFT_VERSION = 5.0;
				TARGETED_DEVICE_FAMILY = "1,2";
			};
			name = Release;
		};
/* End XCBuildConfiguration section */

/* Begin XCConfigurationList section */
		1DE8F7D92602477F00079E0C /* Build configuration list for PBXProject "Push it" */ = {
			isa = XCConfigurationList;
			buildConfigurations = (
				1DE8F8062602478000079E0C /* Debug */,
				1DE8F8072602478000079E0C /* Release */,
			);
			defaultConfigurationIsVisible = 0;
			defaultConfigurationName = Release;
		};
		1DE8F8082602478000079E0C /* Build configuration list for PBXNativeTarget "Push it" */ = {
			isa = XCConfigurationList;
			buildConfigurations = (
				1DE8F8092602478000079E0C /* Debug */,
				1DE8F80A2602478000079E0C /* Release */,
			);
			defaultConfigurationIsVisible = 0;
			defaultConfigurationName = Release;
		};
		1DE8F80B2602478000079E0C /* Build configuration list for PBXNativeTarget "Push itTests" */ = {
			isa = XCConfigurationList;
			buildConfigurations = (
				1DE8F80C2602478000079E0C /* Debug */,
				1DE8F80D2602478000079E0C /* Release */,
			);
			defaultConfigurationIsVisible = 0;
			defaultConfigurationName = Release;
		};
		1DE8F80E2602478000079E0C /* Build configuration list for PBXNativeTarget "Push itUITests" */ = {
			isa = XCConfigurationList;
			buildConfigurations = (
				1DE8F80F2602478000079E0C /* Debug */,
				1DE8F8102602478000079E0C /* Release */,
			);
			defaultConfigurationIsVisible = 0;
			defaultConfigurationName = Release;
		};
		CC45976D261CE139001DD009 /* Build configuration list for PBXNativeTarget "NotificationServiceExtension" */ = {
			isa = XCConfigurationList;
			buildConfigurations = (
				CC45976E261CE139001DD009 /* Debug */,
				CC45976F261CE139001DD009 /* Release */,
			);
			defaultConfigurationIsVisible = 0;
			defaultConfigurationName = Release;
		};
/* End XCConfigurationList section */

/* Begin XCRemoteSwiftPackageReference section */
		CC118DC62640715F00E17559 /* XCRemoteSwiftPackageReference "RxSwift" */ = {
			isa = XCRemoteSwiftPackageReference;
			repositoryURL = "https://github.com/ReactiveX/RxSwift.git";
			requirement = {
				kind = upToNextMajorVersion;
				minimumVersion = 6.1.0;
			};
		};
/* End XCRemoteSwiftPackageReference section */

/* Begin XCSwiftPackageProductDependency section */
		CC118DC72640715F00E17559 /* RxSwift */ = {
			isa = XCSwiftPackageProductDependency;
			package = CC118DC62640715F00E17559 /* XCRemoteSwiftPackageReference "RxSwift" */;
			productName = RxSwift;
		};
		CC118DC92640715F00E17559 /* RxCocoa */ = {
			isa = XCSwiftPackageProductDependency;
			package = CC118DC62640715F00E17559 /* XCRemoteSwiftPackageReference "RxSwift" */;
			productName = RxCocoa;
		};
		CC118DCB2640715F00E17559 /* RxRelay */ = {
			isa = XCSwiftPackageProductDependency;
			package = CC118DC62640715F00E17559 /* XCRemoteSwiftPackageReference "RxSwift" */;
			productName = RxRelay;
		};
/* End XCSwiftPackageProductDependency section */
	};
	rootObject = 1DE8F7D62602477F00079E0C /* Project object */;
}
